// !$*UTF8*$!
{
	archiveVersion = 1;
	classes = {
	};
	objectVersion = 55;
	objects = {

/* Begin PBXBuildFile section */
		2565D4D127673AA7001D5905 /* AppDelegate.swift in Sources */ = {isa = PBXBuildFile; fileRef = 2565D4D027673AA7001D5905 /* AppDelegate.swift */; };
		2565D4D327673AA7001D5905 /* SceneDelegate.swift in Sources */ = {isa = PBXBuildFile; fileRef = 2565D4D227673AA7001D5905 /* SceneDelegate.swift */; };
		2565D4D527673AA7001D5905 /* ViewController.swift in Sources */ = {isa = PBXBuildFile; fileRef = 2565D4D427673AA7001D5905 /* ViewController.swift */; };
		2565D4D827673AA7001D5905 /* Main.storyboard in Resources */ = {isa = PBXBuildFile; fileRef = 2565D4D627673AA7001D5905 /* Main.storyboard */; };
		2565D4DA27673AA8001D5905 /* Assets.xcassets in Resources */ = {isa = PBXBuildFile; fileRef = 2565D4D927673AA8001D5905 /* Assets.xcassets */; };
		2565D4DD27673AA8001D5905 /* LaunchScreen.storyboard in Resources */ = {isa = PBXBuildFile; fileRef = 2565D4DB27673AA8001D5905 /* LaunchScreen.storyboard */; };
		2565D4E827673AA8001D5905 /* learningpickerviewTests.swift in Sources */ = {isa = PBXBuildFile; fileRef = 2565D4E727673AA8001D5905 /* learningpickerviewTests.swift */; };
		2565D4F227673AA8001D5905 /* learningpickerviewUITests.swift in Sources */ = {isa = PBXBuildFile; fileRef = 2565D4F127673AA8001D5905 /* learningpickerviewUITests.swift */; };
		2565D4F427673AA8001D5905 /* learningpickerviewUITestsLaunchTests.swift in Sources */ = {isa = PBXBuildFile; fileRef = 2565D4F327673AA8001D5905 /* learningpickerviewUITestsLaunchTests.swift */; };
/* End PBXBuildFile section */

/* Begin PBXContainerItemProxy section */
		2565D4E427673AA8001D5905 /* PBXContainerItemProxy */ = {
			isa = PBXContainerItemProxy;
			containerPortal = 2565D4C527673AA7001D5905 /* Project object */;
			proxyType = 1;
			remoteGlobalIDString = 2565D4CC27673AA7001D5905;
			remoteInfo = learningpickerview;
		};
		2565D4EE27673AA8001D5905 /* PBXContainerItemProxy */ = {
			isa = PBXContainerItemProxy;
			containerPortal = 2565D4C527673AA7001D5905 /* Project object */;
			proxyType = 1;
			remoteGlobalIDString = 2565D4CC27673AA7001D5905;
			remoteInfo = learningpickerview;
		};
/* End PBXContainerItemProxy section */

/* Begin PBXFileReference section */
		2565D4CD27673AA7001D5905 /* learningpickerview.app */ = {isa = PBXFileReference; explicitFileType = wrapper.application; includeInIndex = 0; path = learningpickerview.app; sourceTree = BUILT_PRODUCTS_DIR; };
		2565D4D027673AA7001D5905 /* AppDelegate.swift */ = {isa = PBXFileReference; lastKnownFileType = sourcecode.swift; path = AppDelegate.swift; sourceTree = "<group>"; };
		2565D4D227673AA7001D5905 /* SceneDelegate.swift */ = {isa = PBXFileReference; lastKnownFileType = sourcecode.swift; path = SceneDelegate.swift; sourceTree = "<group>"; };
		2565D4D427673AA7001D5905 /* ViewController.swift */ = {isa = PBXFileReference; lastKnownFileType = sourcecode.swift; path = ViewController.swift; sourceTree = "<group>"; };
		2565D4D727673AA7001D5905 /* Base */ = {isa = PBXFileReference; lastKnownFileType = file.storyboard; name = Base; path = Base.lproj/Main.storyboard; sourceTree = "<group>"; };
		2565D4D927673AA8001D5905 /* Assets.xcassets */ = {isa = PBXFileReference; lastKnownFileType = folder.assetcatalog; path = Assets.xcassets; sourceTree = "<group>"; };
		2565D4DC27673AA8001D5905 /* Base */ = {isa = PBXFileReference; lastKnownFileType = file.storyboard; name = Base; path = Base.lproj/LaunchScreen.storyboard; sourceTree = "<group>"; };
		2565D4DE27673AA8001D5905 /* Info.plist */ = {isa = PBXFileReference; lastKnownFileType = text.plist.xml; path = Info.plist; sourceTree = "<group>"; };
		2565D4E327673AA8001D5905 /* learningpickerviewTests.xctest */ = {isa = PBXFileReference; explicitFileType = wrapper.cfbundle; includeInIndex = 0; path = learningpickerviewTests.xctest; sourceTree = BUILT_PRODUCTS_DIR; };
		2565D4E727673AA8001D5905 /* learningpickerviewTests.swift */ = {isa = PBXFileReference; lastKnownFileType = sourcecode.swift; path = learningpickerviewTests.swift; sourceTree = "<group>"; };
		2565D4ED27673AA8001D5905 /* learningpickerviewUITests.xctest */ = {isa = PBXFileReference; explicitFileType = wrapper.cfbundle; includeInIndex = 0; path = learningpickerviewUITests.xctest; sourceTree = BUILT_PRODUCTS_DIR; };
		2565D4F127673AA8001D5905 /* learningpickerviewUITests.swift */ = {isa = PBXFileReference; lastKnownFileType = sourcecode.swift; path = learningpickerviewUITests.swift; sourceTree = "<group>"; };
		2565D4F327673AA8001D5905 /* learningpickerviewUITestsLaunchTests.swift */ = {isa = PBXFileReference; lastKnownFileType = sourcecode.swift; path = learningpickerviewUITestsLaunchTests.swift; sourceTree = "<group>"; };
/* End PBXFileReference section */

/* Begin PBXFrameworksBuildPhase section */
		2565D4CA27673AA7001D5905 /* Frameworks */ = {
			isa = PBXFrameworksBuildPhase;
			buildActionMask = 2147483647;
			files = (
			);
			runOnlyForDeploymentPostprocessing = 0;
		};
		2565D4E027673AA8001D5905 /* Frameworks */ = {
			isa = PBXFrameworksBuildPhase;
			buildActionMask = 2147483647;
			files = (
			);
			runOnlyForDeploymentPostprocessing = 0;
		};
		2565D4EA27673AA8001D5905 /* Frameworks */ = {
			isa = PBXFrameworksBuildPhase;
			buildActionMask = 2147483647;
			files = (
			);
			runOnlyForDeploymentPostprocessing = 0;
		};
/* End PBXFrameworksBuildPhase section */

/* Begin PBXGroup section */
		2565D4C427673AA7001D5905 = {
			isa = PBXGroup;
			children = (
				2565D4CF27673AA7001D5905 /* learningpickerview */,
				2565D4E627673AA8001D5905 /* learningpickerviewTests */,
				2565D4F027673AA8001D5905 /* learningpickerviewUITests */,
				2565D4CE27673AA7001D5905 /* Products */,
			);
			sourceTree = "<group>";
		};
		2565D4CE27673AA7001D5905 /* Products */ = {
			isa = PBXGroup;
			children = (
				2565D4CD27673AA7001D5905 /* learningpickerview.app */,
				2565D4E327673AA8001D5905 /* learningpickerviewTests.xctest */,
				2565D4ED27673AA8001D5905 /* learningpickerviewUITests.xctest */,
			);
			name = Products;
			sourceTree = "<group>";
		};
		2565D4CF27673AA7001D5905 /* learningpickerview */ = {
			isa = PBXGroup;
			children = (
				2565D4D027673AA7001D5905 /* AppDelegate.swift */,
				2565D4D227673AA7001D5905 /* SceneDelegate.swift */,
				2565D4D427673AA7001D5905 /* ViewController.swift */,
				2565D4D627673AA7001D5905 /* Main.storyboard */,
				2565D4D927673AA8001D5905 /* Assets.xcassets */,
				2565D4DB27673AA8001D5905 /* LaunchScreen.storyboard */,
				2565D4DE27673AA8001D5905 /* Info.plist */,
			);
			path = learningpickerview;
			sourceTree = "<group>";
		};
		2565D4E627673AA8001D5905 /* learningpickerviewTests */ = {
			isa = PBXGroup;
			children = (
				2565D4E727673AA8001D5905 /* learningpickerviewTests.swift */,
			);
			path = learningpickerviewTests;
			sourceTree = "<group>";
		};
		2565D4F027673AA8001D5905 /* learningpickerviewUITests */ = {
			isa = PBXGroup;
			children = (
				2565D4F127673AA8001D5905 /* learningpickerviewUITests.swift */,
				2565D4F327673AA8001D5905 /* learningpickerviewUITestsLaunchTests.swift */,
			);
			path = learningpickerviewUITests;
			sourceTree = "<group>";
		};
/* End PBXGroup section */

/* Begin PBXNativeTarget section */
		2565D4CC27673AA7001D5905 /* learningpickerview */ = {
			isa = PBXNativeTarget;
			buildConfigurationList = 2565D4F727673AA8001D5905 /* Build configuration list for PBXNativeTarget "learningpickerview" */;
			buildPhases = (
				2565D4C927673AA7001D5905 /* Sources */,
				2565D4CA27673AA7001D5905 /* Frameworks */,
				2565D4CB27673AA7001D5905 /* Resources */,
			);
			buildRules = (
			);
			dependencies = (
			);
			name = learningpickerview;
			productName = learningpickerview;
			productReference = 2565D4CD27673AA7001D5905 /* learningpickerview.app */;
			productType = "com.apple.product-type.application";
		};
		2565D4E227673AA8001D5905 /* learningpickerviewTests */ = {
			isa = PBXNativeTarget;
			buildConfigurationList = 2565D4FA27673AA8001D5905 /* Build configuration list for PBXNativeTarget "learningpickerviewTests" */;
			buildPhases = (
				2565D4DF27673AA8001D5905 /* Sources */,
				2565D4E027673AA8001D5905 /* Frameworks */,
				2565D4E127673AA8001D5905 /* Resources */,
			);
			buildRules = (
			);
			dependencies = (
				2565D4E527673AA8001D5905 /* PBXTargetDependency */,
			);
			name = learningpickerviewTests;
			productName = learningpickerviewTests;
			productReference = 2565D4E327673AA8001D5905 /* learningpickerviewTests.xctest */;
			productType = "com.apple.product-type.bundle.unit-test";
		};
		2565D4EC27673AA8001D5905 /* learningpickerviewUITests */ = {
			isa = PBXNativeTarget;
			buildConfigurationList = 2565D4FD27673AA8001D5905 /* Build configuration list for PBXNativeTarget "learningpickerviewUITests" */;
			buildPhases = (
				2565D4E927673AA8001D5905 /* Sources */,
				2565D4EA27673AA8001D5905 /* Frameworks */,
				2565D4EB27673AA8001D5905 /* Resources */,
			);
			buildRules = (
			);
			dependencies = (
				2565D4EF27673AA8001D5905 /* PBXTargetDependency */,
			);
			name = learningpickerviewUITests;
			productName = learningpickerviewUITests;
			productReference = 2565D4ED27673AA8001D5905 /* learningpickerviewUITests.xctest */;
			productType = "com.apple.product-type.bundle.ui-testing";
		};
/* End PBXNativeTarget section */

/* Begin PBXProject section */
		2565D4C527673AA7001D5905 /* Project object */ = {
			isa = PBXProject;
			attributes = {
				BuildIndependentTargetsInParallel = 1;
				LastSwiftUpdateCheck = 1300;
				LastUpgradeCheck = 1300;
				TargetAttributes = {
					2565D4CC27673AA7001D5905 = {
						CreatedOnToolsVersion = 13.0;
					};
					2565D4E227673AA8001D5905 = {
						CreatedOnToolsVersion = 13.0;
						TestTargetID = 2565D4CC27673AA7001D5905;
					};
					2565D4EC27673AA8001D5905 = {
						CreatedOnToolsVersion = 13.0;
						TestTargetID = 2565D4CC27673AA7001D5905;
					};
				};
			};
			buildConfigurationList = 2565D4C827673AA7001D5905 /* Build configuration list for PBXProject "learningpickerview" */;
			compatibilityVersion = "Xcode 13.0";
			developmentRegion = en;
			hasScannedForEncodings = 0;
			knownRegions = (
				en,
				Base,
			);
			mainGroup = 2565D4C427673AA7001D5905;
			productRefGroup = 2565D4CE27673AA7001D5905 /* Products */;
			projectDirPath = "";
			projectRoot = "";
			targets = (
				2565D4CC27673AA7001D5905 /* learningpickerview */,
				2565D4E227673AA8001D5905 /* learningpickerviewTests */,
				2565D4EC27673AA8001D5905 /* learningpickerviewUITests */,
			);
		};
/* End PBXProject section */

/* Begin PBXResourcesBuildPhase section */
		2565D4CB27673AA7001D5905 /* Resources */ = {
			isa = PBXResourcesBuildPhase;
			buildActionMask = 2147483647;
			files = (
				2565D4DD27673AA8001D5905 /* LaunchScreen.storyboard in Resources */,
				2565D4DA27673AA8001D5905 /* Assets.xcassets in Resources */,
				2565D4D827673AA7001D5905 /* Main.storyboard in Resources */,
			);
			runOnlyForDeploymentPostprocessing = 0;
		};
		2565D4E127673AA8001D5905 /* Resources */ = {
			isa = PBXResourcesBuildPhase;
			buildActionMask = 2147483647;
			files = (
			);
			runOnlyForDeploymentPostprocessing = 0;
		};
		2565D4EB27673AA8001D5905 /* Resources */ = {
			isa = PBXResourcesBuildPhase;
			buildActionMask = 2147483647;
			files = (
			);
			runOnlyForDeploymentPostprocessing = 0;
		};
/* End PBXResourcesBuildPhase section */

/* Begin PBXSourcesBuildPhase section */
		2565D4C927673AA7001D5905 /* Sources */ = {
			isa = PBXSourcesBuildPhase;
			buildActionMask = 2147483647;
			files = (
				2565D4D527673AA7001D5905 /* ViewController.swift in Sources */,
				2565D4D127673AA7001D5905 /* AppDelegate.swift in Sources */,
				2565D4D327673AA7001D5905 /* SceneDelegate.swift in Sources */,
			);
			runOnlyForDeploymentPostprocessing = 0;
		};
		2565D4DF27673AA8001D5905 /* Sources */ = {
			isa = PBXSourcesBuildPhase;
			buildActionMask = 2147483647;
			files = (
				2565D4E827673AA8001D5905 /* learningpickerviewTests.swift in Sources */,
			);
			runOnlyForDeploymentPostprocessing = 0;
		};
		2565D4E927673AA8001D5905 /* Sources */ = {
			isa = PBXSourcesBuildPhase;
			buildActionMask = 2147483647;
			files = (
				2565D4F227673AA8001D5905 /* learningpickerviewUITests.swift in Sources */,
				2565D4F427673AA8001D5905 /* learningpickerviewUITestsLaunchTests.swift in Sources */,
			);
			runOnlyForDeploymentPostprocessing = 0;
		};
/* End PBXSourcesBuildPhase section */

/* Begin PBXTargetDependency section */
		2565D4E527673AA8001D5905 /* PBXTargetDependency */ = {
			isa = PBXTargetDependency;
			target = 2565D4CC27673AA7001D5905 /* learningpickerview */;
			targetProxy = 2565D4E427673AA8001D5905 /* PBXContainerItemProxy */;
		};
		2565D4EF27673AA8001D5905 /* PBXTargetDependency */ = {
			isa = PBXTargetDependency;
			target = 2565D4CC27673AA7001D5905 /* learningpickerview */;
			targetProxy = 2565D4EE27673AA8001D5905 /* PBXContainerItemProxy */;
		};
/* End PBXTargetDependency section */

/* Begin PBXVariantGroup section */
		2565D4D627673AA7001D5905 /* Main.storyboard */ = {
			isa = PBXVariantGroup;
			children = (
				2565D4D727673AA7001D5905 /* Base */,
			);
			name = Main.storyboard;
			sourceTree = "<group>";
		};
		2565D4DB27673AA8001D5905 /* LaunchScreen.storyboard */ = {
			isa = PBXVariantGroup;
			children = (
				2565D4DC27673AA8001D5905 /* Base */,
			);
			name = LaunchScreen.storyboard;
			sourceTree = "<group>";
		};
/* End PBXVariantGroup section */

/* Begin XCBuildConfiguration section */
		2565D4F527673AA8001D5905 /* Debug */ = {
			isa = XCBuildConfiguration;
			buildSettings = {
				ALWAYS_SEARCH_USER_PATHS = NO;
				CLANG_ANALYZER_NONNULL = YES;
				CLANG_ANALYZER_NUMBER_OBJECT_CONVERSION = YES_AGGRESSIVE;
				CLANG_CXX_LANGUAGE_STANDARD = "gnu++17";
				CLANG_CXX_LIBRARY = "libc++";
				CLANG_ENABLE_MODULES = YES;
				CLANG_ENABLE_OBJC_ARC = YES;
				CLANG_ENABLE_OBJC_WEAK = YES;
				CLANG_WARN_BLOCK_CAPTURE_AUTORELEASING = YES;
				CLANG_WARN_BOOL_CONVERSION = YES;
				CLANG_WARN_COMMA = YES;
				CLANG_WARN_CONSTANT_CONVERSION = YES;
				CLANG_WARN_DEPRECATED_OBJC_IMPLEMENTATIONS = YES;
				CLANG_WARN_DIRECT_OBJC_ISA_USAGE = YES_ERROR;
				CLANG_WARN_DOCUMENTATION_COMMENTS = YES;
				CLANG_WARN_EMPTY_BODY = YES;
				CLANG_WARN_ENUM_CONVERSION = YES;
				CLANG_WARN_INFINITE_RECURSION = YES;
				CLANG_WARN_INT_CONVERSION = YES;
				CLANG_WARN_NON_LITERAL_NULL_CONVERSION = YES;
				CLANG_WARN_OBJC_IMPLICIT_RETAIN_SELF = YES;
				CLANG_WARN_OBJC_LITERAL_CONVERSION = YES;
				CLANG_WARN_OBJC_ROOT_CLASS = YES_ERROR;
				CLANG_WARN_QUOTED_INCLUDE_IN_FRAMEWORK_HEADER = YES;
				CLANG_WARN_RANGE_LOOP_ANALYSIS = YES;
				CLANG_WARN_STRICT_PROTOTYPES = YES;
				CLANG_WARN_SUSPICIOUS_MOVE = YES;
				CLANG_WARN_UNGUARDED_AVAILABILITY = YES_AGGRESSIVE;
				CLANG_WARN_UNREACHABLE_CODE = YES;
				CLANG_WARN__DUPLICATE_METHOD_MATCH = YES;
				COPY_PHASE_STRIP = NO;
				DEBUG_INFORMATION_FORMAT = dwarf;
				ENABLE_STRICT_OBJC_MSGSEND = YES;
				ENABLE_TESTABILITY = YES;
				GCC_C_LANGUAGE_STANDARD = gnu11;
				GCC_DYNAMIC_NO_PIC = NO;
				GCC_NO_COMMON_BLOCKS = YES;
				GCC_OPTIMIZATION_LEVEL = 0;
				GCC_PREPROCESSOR_DEFINITIONS = (
					"DEBUG=1",
					"$(inherited)",
				);
				GCC_WARN_64_TO_32_BIT_CONVERSION = YES;
				GCC_WARN_ABOUT_RETURN_TYPE = YES_ERROR;
				GCC_WARN_UNDECLARED_SELECTOR = YES;
				GCC_WARN_UNINITIALIZED_AUTOS = YES_AGGRESSIVE;
				GCC_WARN_UNUSED_FUNCTION = YES;
				GCC_WARN_UNUSED_VARIABLE = YES;
				IPHONEOS_DEPLOYMENT_TARGET = 15.0;
				MTL_ENABLE_DEBUG_INFO = INCLUDE_SOURCE;
				MTL_FAST_MATH = YES;
				ONLY_ACTIVE_ARCH = YES;
				SDKROOT = iphoneos;
				SWIFT_ACTIVE_COMPILATION_CONDITIONS = DEBUG;
				SWIFT_OPTIMIZATION_LEVEL = "-Onone";
			};
			name = Debug;
		};
		2565D4F627673AA8001D5905 /* Release */ = {
			isa = XCBuildConfiguration;
			buildSettings = {
				ALWAYS_SEARCH_USER_PATHS = NO;
				CLANG_ANALYZER_NONNULL = YES;
				CLANG_ANALYZER_NUMBER_OBJECT_CONVERSION = YES_AGGRESSIVE;
				CLANG_CXX_LANGUAGE_STANDARD = "gnu++17";
				CLANG_CXX_LIBRARY = "libc++";
				CLANG_ENABLE_MODULES = YES;
				CLANG_ENABLE_OBJC_ARC = YES;
				CLANG_ENABLE_OBJC_WEAK = YES;
				CLANG_WARN_BLOCK_CAPTURE_AUTORELEASING = YES;
				CLANG_WARN_BOOL_CONVERSION = YES;
				CLANG_WARN_COMMA = YES;
				CLANG_WARN_CONSTANT_CONVERSION = YES;
				CLANG_WARN_DEPRECATED_OBJC_IMPLEMENTATIONS = YES;
				CLANG_WARN_DIRECT_OBJC_ISA_USAGE = YES_ERROR;
				CLANG_WARN_DOCUMENTATION_COMMENTS = YES;
				CLANG_WARN_EMPTY_BODY = YES;
				CLANG_WARN_ENUM_CONVERSION = YES;
				CLANG_WARN_INFINITE_RECURSION = YES;
				CLANG_WARN_INT_CONVERSION = YES;
				CLANG_WARN_NON_LITERAL_NULL_CONVERSION = YES;
				CLANG_WARN_OBJC_IMPLICIT_RETAIN_SELF = YES;
				CLANG_WARN_OBJC_LITERAL_CONVERSION = YES;
				CLANG_WARN_OBJC_ROOT_CLASS = YES_ERROR;
				CLANG_WARN_QUOTED_INCLUDE_IN_FRAMEWORK_HEADER = YES;
				CLANG_WARN_RANGE_LOOP_ANALYSIS = YES;
				CLANG_WARN_STRICT_PROTOTYPES = YES;
				CLANG_WARN_SUSPICIOUS_MOVE = YES;
				CLANG_WARN_UNGUARDED_AVAILABILITY = YES_AGGRESSIVE;
				CLANG_WARN_UNREACHABLE_CODE = YES;
				CLANG_WARN__DUPLICATE_METHOD_MATCH = YES;
				COPY_PHASE_STRIP = NO;
				DEBUG_INFORMATION_FORMAT = "dwarf-with-dsym";
				ENABLE_NS_ASSERTIONS = NO;
				ENABLE_STRICT_OBJC_MSGSEND = YES;
				GCC_C_LANGUAGE_STANDARD = gnu11;
				GCC_NO_COMMON_BLOCKS = YES;
				GCC_WARN_64_TO_32_BIT_CONVERSION = YES;
				GCC_WARN_ABOUT_RETURN_TYPE = YES_ERROR;
				GCC_WARN_UNDECLARED_SELECTOR = YES;
				GCC_WARN_UNINITIALIZED_AUTOS = YES_AGGRESSIVE;
				GCC_WARN_UNUSED_FUNCTION = YES;
				GCC_WARN_UNUSED_VARIABLE = YES;
				IPHONEOS_DEPLOYMENT_TARGET = 15.0;
				MTL_ENABLE_DEBUG_INFO = NO;
				MTL_FAST_MATH = YES;
				SDKROOT = iphoneos;
				SWIFT_COMPILATION_MODE = wholemodule;
				SWIFT_OPTIMIZATION_LEVEL = "-O";
				VALIDATE_PRODUCT = YES;
			};
			name = Release;
		};
		2565D4F827673AA8001D5905 /* Debug */ = {
			isa = XCBuildConfiguration;
			buildSettings = {
				ASSETCATALOG_COMPILER_APPICON_NAME = AppIcon;
				ASSETCATALOG_COMPILER_GLOBAL_ACCENT_COLOR_NAME = AccentColor;
				CODE_SIGN_STYLE = Automatic;
				CURRENT_PROJECT_VERSION = 1;
				DEVELOPMENT_TEAM = FWYVY227K8;
				GENERATE_INFOPLIST_FILE = YES;
				INFOPLIST_FILE = learningpickerview/Info.plist;
				INFOPLIST_KEY_UIApplicationSupportsIndirectInputEvents = YES;
				INFOPLIST_KEY_UILaunchStoryboardName = LaunchScreen;
				INFOPLIST_KEY_UIMainStoryboardFile = Main;
				INFOPLIST_KEY_UISupportedInterfaceOrientations_iPad = "UIInterfaceOrientationPortrait UIInterfaceOrientationPortraitUpsideDown UIInterfaceOrientationLandscapeLeft UIInterfaceOrientationLandscapeRight";
				INFOPLIST_KEY_UISupportedInterfaceOrientations_iPhone = "UIInterfaceOrientationPortrait UIInterfaceOrientationLandscapeLeft UIInterfaceOrientationLandscapeRight";
				LD_RUNPATH_SEARCH_PATHS = (
					"$(inherited)",
					"@executable_path/Frameworks",
				);
				MARKETING_VERSION = 1.0;
				PRODUCT_BUNDLE_IDENTIFIER = com.Jason.learningpickerview;
				PRODUCT_NAME = "$(TARGET_NAME)";
				SWIFT_EMIT_LOC_STRINGS = YES;
				SWIFT_VERSION = 5.0;
				TARGETED_DEVICE_FAMILY = "1,2";
			};
			name = Debug;
		};
		2565D4F927673AA8001D5905 /* Release */ = {
			isa = XCBuildConfiguration;
			buildSettings = {
				ASSETCATALOG_COMPILER_APPICON_NAME = AppIcon;
				ASSETCATALOG_COMPILER_GLOBAL_ACCENT_COLOR_NAME = AccentColor;
				CODE_SIGN_STYLE = Automatic;
				CURRENT_PROJECT_VERSION = 1;
				DEVELOPMENT_TEAM = FWYVY227K8;
				GENERATE_INFOPLIST_FILE = YES;
				INFOPLIST_FILE = learningpickerview/Info.plist;
				INFOPLIST_KEY_UIApplicationSupportsIndirectInputEvents = YES;
				INFOPLIST_KEY_UILaunchStoryboardName = LaunchScreen;
				INFOPLIST_KEY_UIMainStoryboardFile = Main;
				INFOPLIST_KEY_UISupportedInterfaceOrientations_iPad = "UIInterfaceOrientationPortrait UIInterfaceOrientationPortraitUpsideDown UIInterfaceOrientationLandscapeLeft UIInterfaceOrientationLandscapeRight";
				INFOPLIST_KEY_UISupportedInterfaceOrientations_iPhone = "UIInterfaceOrientationPortrait UIInterfaceOrientationLandscapeLeft UIInterfaceOrientationLandscapeRight";
				LD_RUNPATH_SEARCH_PATHS = (
					"$(inherited)",
					"@executable_path/Frameworks",
				);
				MARKETING_VERSION = 1.0;
				PRODUCT_BUNDLE_IDENTIFIER = com.Jason.learningpickerview;
				PRODUCT_NAME = "$(TARGET_NAME)";
				SWIFT_EMIT_LOC_STRINGS = YES;
				SWIFT_VERSION = 5.0;
				TARGETED_DEVICE_FAMILY = "1,2";
			};
			name = Release;
		};
		2565D4FB27673AA8001D5905 /* Debug */ = {
			isa = XCBuildConfiguration;
			buildSettings = {
				ALWAYS_EMBED_SWIFT_STANDARD_LIBRARIES = YES;
				BUNDLE_LOADER = "$(TEST_HOST)";
				CODE_SIGN_STYLE = Automatic;
				CURRENT_PROJECT_VERSION = 1;
				DEVELOPMENT_TEAM = FWYVY227K8;
				GENERATE_INFOPLIST_FILE = YES;
				IPHONEOS_DEPLOYMENT_TARGET = 15.0;
				LD_RUNPATH_SEARCH_PATHS = (
					"$(inherited)",
					"@executable_path/Frameworks",
					"@loader_path/Frameworks",
				);
				MARKETING_VERSION = 1.0;
				PRODUCT_BUNDLE_IDENTIFIER = com.Jason.learningpickerviewTests;
				PRODUCT_NAME = "$(TARGET_NAME)";
				SWIFT_EMIT_LOC_STRINGS = NO;
				SWIFT_VERSION = 5.0;
				TARGETED_DEVICE_FAMILY = "1,2";
				TEST_HOST = "$(BUILT_PRODUCTS_DIR)/learningpickerview.app/learningpickerview";
			};
			name = Debug;
		};
		2565D4FC27673AA8001D5905 /* Release */ = {
			isa = XCBuildConfiguration;
			buildSettings = {
				ALWAYS_EMBED_SWIFT_STANDARD_LIBRARIES = YES;
				BUNDLE_LOADER = "$(TEST_HOST)";
				CODE_SIGN_STYLE = Automatic;
				CURRENT_PROJECT_VERSION = 1;
				DEVELOPMENT_TEAM = FWYVY227K8;
				GENERATE_INFOPLIST_FILE = YES;
				IPHONEOS_DEPLOYMENT_TARGET = 15.0;
				LD_RUNPATH_SEARCH_PATHS = (
					"$(inherited)",
					"@executable_path/Frameworks",
					"@loader_path/Frameworks",
				);
				MARKETING_VERSION = 1.0;
				PRODUCT_BUNDLE_IDENTIFIER = com.Jason.learningpickerviewTests;
				PRODUCT_NAME = "$(TARGET_NAME)";
				SWIFT_EMIT_LOC_STRINGS = NO;
				SWIFT_VERSION = 5.0;
				TARGETED_DEVICE_FAMILY = "1,2";
				TEST_HOST = "$(BUILT_PRODUCTS_DIR)/learningpickerview.app/learningpickerview";
			};
			name = Release;
		};
		2565D4FE27673AA8001D5905 /* Debug */ = {
			isa = XCBuildConfiguration;
			buildSettings = {
				ALWAYS_EMBED_SWIFT_STANDARD_LIBRARIES = YES;
				CODE_SIGN_STYLE = Automatic;
				CURRENT_PROJECT_VERSION = 1;
				DEVELOPMENT_TEAM = FWYVY227K8;
				GENERATE_INFOPLIST_FILE = YES;
				LD_RUNPATH_SEARCH_PATHS = (
					"$(inherited)",
					"@executable_path/Frameworks",
					"@loader_path/Frameworks",
				);
				MARKETING_VERSION = 1.0;
				PRODUCT_BUNDLE_IDENTIFIER = com.Jason.learningpickerviewUITests;
				PRODUCT_NAME = "$(TARGET_NAME)";
				SWIFT_EMIT_LOC_STRINGS = NO;
				SWIFT_VERSION = 5.0;
				TARGETED_DEVICE_FAMILY = "1,2";
				TEST_TARGET_NAME = learningpickerview;
			};
			name = Debug;
		};
		2565D4FF27673AA8001D5905 /* Release */ = {
			isa = XCBuildConfiguration;
			buildSettings = {
				ALWAYS_EMBED_SWIFT_STANDARD_LIBRARIES = YES;
				CODE_SIGN_STYLE = Automatic;
				CURRENT_PROJECT_VERSION = 1;
				DEVELOPMENT_TEAM = FWYVY227K8;
				GENERATE_INFOPLIST_FILE = YES;
				LD_RUNPATH_SEARCH_PATHS = (
					"$(inherited)",
					"@executable_path/Frameworks",
					"@loader_path/Frameworks",
				);
				MARKETING_VERSION = 1.0;
				PRODUCT_BUNDLE_IDENTIFIER = com.Jason.learningpickerviewUITests;
				PRODUCT_NAME = "$(TARGET_NAME)";
				SWIFT_EMIT_LOC_STRINGS = NO;
				SWIFT_VERSION = 5.0;
				TARGETED_DEVICE_FAMILY = "1,2";
				TEST_TARGET_NAME = learningpickerview;
			};
			name = Release;
		};
/* End XCBuildConfiguration section */

/* Begin XCConfigurationList section */
		2565D4C827673AA7001D5905 /* Build configuration list for PBXProject "learningpickerview" */ = {
			isa = XCConfigurationList;
			buildConfigurations = (
				2565D4F527673AA8001D5905 /* Debug */,
				2565D4F627673AA8001D5905 /* Release */,
			);
			defaultConfigurationIsVisible = 0;
			defaultConfigurationName = Release;
		};
		2565D4F727673AA8001D5905 /* Build configuration list for PBXNativeTarget "learningpickerview" */ = {
			isa = XCConfigurationList;
			buildConfigurations = (
				2565D4F827673AA8001D5905 /* Debug */,
				2565D4F927673AA8001D5905 /* Release */,
			);
			defaultConfigurationIsVisible = 0;
			defaultConfigurationName = Release;
		};
		2565D4FA27673AA8001D5905 /* Build configuration list for PBXNativeTarget "learningpickerviewTests" */ = {
			isa = XCConfigurationList;
			buildConfigurations = (
				2565D4FB27673AA8001D5905 /* Debug */,
				2565D4FC27673AA8001D5905 /* Release */,
			);
			defaultConfigurationIsVisible = 0;
			defaultConfigurationName = Release;
		};
		2565D4FD27673AA8001D5905 /* Build configuration list for PBXNativeTarget "learningpickerviewUITests" */ = {
			isa = XCConfigurationList;
			buildConfigurations = (
				2565D4FE27673AA8001D5905 /* Debug */,
				2565D4FF27673AA8001D5905 /* Release */,
			);
			defaultConfigurationIsVisible = 0;
			defaultConfigurationName = Release;
		};
/* End XCConfigurationList section */
	};
	rootObject = 2565D4C527673AA7001D5905 /* Project object */;
}
